// !$*UTF8*$!
{
	archiveVersion = 1;
	classes = {
	};
	objectVersion = 46;
	objects = {

/* Begin PBXBuildFile section */
		D51B7FFF1C31DF44007601D2 /* AppDelegate.swift in Sources */ = {isa = PBXBuildFile; fileRef = D51B7FFE1C31DF44007601D2 /* AppDelegate.swift */; };
		D51B80011C31DF44007601D2 /* ViewController.swift in Sources */ = {isa = PBXBuildFile; fileRef = D51B80001C31DF44007601D2 /* ViewController.swift */; };
		D51B80041C31DF44007601D2 /* Main.storyboard in Resources */ = {isa = PBXBuildFile; fileRef = D51B80021C31DF44007601D2 /* Main.storyboard */; };
		D51B80061C31DF44007601D2 /* Assets.xcassets in Resources */ = {isa = PBXBuildFile; fileRef = D51B80051C31DF44007601D2 /* Assets.xcassets */; };
		D51B80091C31DF44007601D2 /* LaunchScreen.storyboard in Resources */ = {isa = PBXBuildFile; fileRef = D51B80071C31DF44007601D2 /* LaunchScreen.storyboard */; };
		D51B80191C31F22A007601D2 /* LICENSE in Resources */ = {isa = PBXBuildFile; fileRef = D51B80171C31F22A007601D2 /* LICENSE */; };
		D51B801A1C31F22A007601D2 /* README.md in Sources */ = {isa = PBXBuildFile; fileRef = D51B80181C31F22A007601D2 /* README.md */; };
		D53C5C6A1C385F0800D482E7 /* SSN.swift in Sources */ = {isa = PBXBuildFile; fileRef = D53C5C681C385F0800D482E7 /* SSN.swift */; };
		D53C5C6B1C385F0800D482E7 /* SSNTextFieldDelegate.swift in Sources */ = {isa = PBXBuildFile; fileRef = D53C5C691C385F0800D482E7 /* SSNTextFieldDelegate.swift */; };
/* End PBXBuildFile section */

/* Begin PBXFileReference section */
		D51B7FFB1C31DF44007601D2 /* ssnField.app */ = {isa = PBXFileReference; explicitFileType = wrapper.application; includeInIndex = 0; path = ssnField.app; sourceTree = BUILT_PRODUCTS_DIR; };
		D51B7FFE1C31DF44007601D2 /* AppDelegate.swift */ = {isa = PBXFileReference; lastKnownFileType = sourcecode.swift; path = AppDelegate.swift; sourceTree = "<group>"; };
		D51B80001C31DF44007601D2 /* ViewController.swift */ = {isa = PBXFileReference; lastKnownFileType = sourcecode.swift; path = ViewController.swift; sourceTree = "<group>"; };
		D51B80031C31DF44007601D2 /* Base */ = {isa = PBXFileReference; lastKnownFileType = file.storyboard; name = Base; path = Base.lproj/Main.storyboard; sourceTree = "<group>"; };
		D51B80051C31DF44007601D2 /* Assets.xcassets */ = {isa = PBXFileReference; lastKnownFileType = folder.assetcatalog; path = Assets.xcassets; sourceTree = "<group>"; };
		D51B80081C31DF44007601D2 /* Base */ = {isa = PBXFileReference; lastKnownFileType = file.storyboard; name = Base; path = Base.lproj/LaunchScreen.storyboard; sourceTree = "<group>"; };
		D51B800A1C31DF44007601D2 /* Info.plist */ = {isa = PBXFileReference; lastKnownFileType = text.plist.xml; path = Info.plist; sourceTree = "<group>"; };
		D51B80171C31F22A007601D2 /* LICENSE */ = {isa = PBXFileReference; fileEncoding = 4; lastKnownFileType = text; path = LICENSE; sourceTree = "<group>"; };
		D51B80181C31F22A007601D2 /* README.md */ = {isa = PBXFileReference; fileEncoding = 4; lastKnownFileType = net.daringfireball.markdown; path = README.md; sourceTree = "<group>"; };
		D53C5C681C385F0800D482E7 /* SSN.swift */ = {isa = PBXFileReference; fileEncoding = 4; lastKnownFileType = sourcecode.swift; path = SSN.swift; sourceTree = "<group>"; };
		D53C5C691C385F0800D482E7 /* SSNTextFieldDelegate.swift */ = {isa = PBXFileReference; fileEncoding = 4; lastKnownFileType = sourcecode.swift; path = SSNTextFieldDelegate.swift; sourceTree = "<group>"; };
/* End PBXFileReference section */

/* Begin PBXFrameworksBuildPhase section */
		D51B7FF81C31DF44007601D2 /* Frameworks */ = {
			isa = PBXFrameworksBuildPhase;
			buildActionMask = 2147483647;
			files = (
			);
			runOnlyForDeploymentPostprocessing = 0;
		};
/* End PBXFrameworksBuildPhase section */

/* Begin PBXGroup section */
		D51B7FF21C31DF44007601D2 = {
			isa = PBXGroup;
			children = (
				D51B80171C31F22A007601D2 /* LICENSE */,
				D51B80181C31F22A007601D2 /* README.md */,
				D53C5C671C385F0800D482E7 /* ssn */,
				D51B7FFD1C31DF44007601D2 /* ssnField */,
				D51B7FFC1C31DF44007601D2 /* Products */,
			);
			sourceTree = "<group>";
		};
		D51B7FFC1C31DF44007601D2 /* Products */ = {
			isa = PBXGroup;
			children = (
				D51B7FFB1C31DF44007601D2 /* ssnField.app */,
			);
			name = Products;
			sourceTree = "<group>";
		};
		D51B7FFD1C31DF44007601D2 /* ssnField */ = {
			isa = PBXGroup;
			children = (
				D51B80121C31DFBB007601D2 /* Resources */,
				D51B80101C31DF8C007601D2 /* Nibs */,
				D51B7FFE1C31DF44007601D2 /* AppDelegate.swift */,
				D51B80001C31DF44007601D2 /* ViewController.swift */,
			);
			path = ssnField;
			sourceTree = "<group>";
		};
		D51B80101C31DF8C007601D2 /* Nibs */ = {
			isa = PBXGroup;
			children = (
				D51B80021C31DF44007601D2 /* Main.storyboard */,
				D51B80071C31DF44007601D2 /* LaunchScreen.storyboard */,
			);
			name = Nibs;
			sourceTree = "<group>";
		};
		D51B80121C31DFBB007601D2 /* Resources */ = {
			isa = PBXGroup;
			children = (
				D51B80051C31DF44007601D2 /* Assets.xcassets */,
				D51B800A1C31DF44007601D2 /* Info.plist */,
			);
			name = Resources;
			sourceTree = "<group>";
		};
		D53C5C671C385F0800D482E7 /* ssn */ = {
			isa = PBXGroup;
			children = (
				D53C5C681C385F0800D482E7 /* SSN.swift */,
				D53C5C691C385F0800D482E7 /* SSNTextFieldDelegate.swift */,
			);
			name = ssn;
			path = ssnField/ssn;
			sourceTree = "<group>";
		};
/* End PBXGroup section */

/* Begin PBXNativeTarget section */
		D51B7FFA1C31DF44007601D2 /* ssnField */ = {
			isa = PBXNativeTarget;
			buildConfigurationList = D51B800D1C31DF44007601D2 /* Build configuration list for PBXNativeTarget "ssnField" */;
			buildPhases = (
				D51B7FF71C31DF44007601D2 /* Sources */,
				D51B7FF81C31DF44007601D2 /* Frameworks */,
				D51B7FF91C31DF44007601D2 /* Resources */,
			);
			buildRules = (
			);
			dependencies = (
			);
			name = ssnField;
			productName = ssnField;
			productReference = D51B7FFB1C31DF44007601D2 /* ssnField.app */;
			productType = "com.apple.product-type.application";
		};
/* End PBXNativeTarget section */

/* Begin PBXProject section */
		D51B7FF31C31DF44007601D2 /* Project object */ = {
			isa = PBXProject;
			attributes = {
				LastSwiftUpdateCheck = 0720;
				LastUpgradeCheck = 0720;
				ORGANIZATIONNAME = "Sergey Sahakyan";
				TargetAttributes = {
					D51B7FFA1C31DF44007601D2 = {
						CreatedOnToolsVersion = 7.2;
					};
				};
			};
			buildConfigurationList = D51B7FF61C31DF44007601D2 /* Build configuration list for PBXProject "ssnField" */;
			compatibilityVersion = "Xcode 3.2";
			developmentRegion = English;
			hasScannedForEncodings = 0;
			knownRegions = (
				en,
				Base,
			);
			mainGroup = D51B7FF21C31DF44007601D2;
			productRefGroup = D51B7FFC1C31DF44007601D2 /* Products */;
			projectDirPath = "";
			projectRoot = "";
			targets = (
				D51B7FFA1C31DF44007601D2 /* ssnField */,
			);
		};
/* End PBXProject section */

/* Begin PBXResourcesBuildPhase section */
		D51B7FF91C31DF44007601D2 /* Resources */ = {
			isa = PBXResourcesBuildPhase;
			buildActionMask = 2147483647;
			files = (
				D51B80091C31DF44007601D2 /* LaunchScreen.storyboard in Resources */,
				D51B80061C31DF44007601D2 /* Assets.xcassets in Resources */,
				D51B80191C31F22A007601D2 /* LICENSE in Resources */,
				D51B80041C31DF44007601D2 /* Main.storyboard in Resources */,
			);
			runOnlyForDeploymentPostprocessing = 0;
		};
/* End PBXResourcesBuildPhase section */

/* Begin PBXSourcesBuildPhase section */
		D51B7FF71C31DF44007601D2 /* Sources */ = {
			isa = PBXSourcesBuildPhase;
			buildActionMask = 2147483647;
			files = (
				D53C5C6A1C385F0800D482E7 /* SSN.swift in Sources */,
				D51B80011C31DF44007601D2 /* ViewController.swift in Sources */,
				D53C5C6B1C385F0800D482E7 /* SSNTextFieldDelegate.swift in Sources */,
				D51B801A1C31F22A007601D2 /* README.md in Sources */,
				D51B7FFF1C31DF44007601D2 /* AppDelegate.swift in Sources */,
			);
			runOnlyForDeploymentPostprocessing = 0;
		};
/* End PBXSourcesBuildPhase section */

/* Begin PBXVariantGroup section */
		D51B80021C31DF44007601D2 /* Main.storyboard */ = {
			isa = PBXVariantGroup;
			children = (
				D51B80031C31DF44007601D2 /* Base */,
			);
			name = Main.storyboard;
			sourceTree = "<group>";
		};
		D51B80071C31DF44007601D2 /* LaunchScreen.storyboard */ = {
			isa = PBXVariantGroup;
			children = (
				D51B80081C31DF44007601D2 /* Base */,
			);
			name = LaunchScreen.storyboard;
			sourceTree = "<group>";
		};
/* End PBXVariantGroup section */

/* Begin XCBuildConfiguration section */
		D51B800B1C31DF44007601D2 /* Debug */ = {
			isa = XCBuildConfiguration;
			buildSettings = {
				ALWAYS_SEARCH_USER_PATHS = NO;
				CLANG_CXX_LANGUAGE_STANDARD = "gnu++0x";
				CLANG_CXX_LIBRARY = "libc++";
				CLANG_ENABLE_MODULES = YES;
				CLANG_ENABLE_OBJC_ARC = YES;
				CLANG_WARN_BOOL_CONVERSION = YES;
				CLANG_WARN_CONSTANT_CONVERSION = YES;
				CLANG_WARN_DIRECT_OBJC_ISA_USAGE = YES_ERROR;
				CLANG_WARN_EMPTY_BODY = YES;
				CLANG_WARN_ENUM_CONVERSION = YES;
				CLANG_WARN_INT_CONVERSION = YES;
				CLANG_WARN_OBJC_ROOT_CLASS = YES_ERROR;
				CLANG_WARN_UNREACHABLE_CODE = YES;
				CLANG_WARN__DUPLICATE_METHOD_MATCH = YES;
				"CODE_SIGN_IDENTITY[sdk=iphoneos*]" = "iPhone Developer";
				COPY_PHASE_STRIP = NO;
				DEBUG_INFORMATION_FORMAT = dwarf;
				ENABLE_STRICT_OBJC_MSGSEND = YES;
				ENABLE_TESTABILITY = YES;
				GCC_C_LANGUAGE_STANDARD = gnu99;
				GCC_DYNAMIC_NO_PIC = NO;
				GCC_NO_COMMON_BLOCKS = YES;
				GCC_OPTIMIZATION_LEVEL = 0;
				GCC_PREPROCESSOR_DEFINITIONS = (
					"DEBUG=1",
					"$(inherited)",
				);
				GCC_WARN_64_TO_32_BIT_CONVERSION = YES;
				GCC_WARN_ABOUT_RETURN_TYPE = YES_ERROR;
				GCC_WARN_UNDECLARED_SELECTOR = YES;
				GCC_WARN_UNINITIALIZED_AUTOS = YES_AGGRESSIVE;
				GCC_WARN_UNUSED_FUNCTION = YES;
				GCC_WARN_UNUSED_VARIABLE = YES;
				IPHONEOS_DEPLOYMENT_TARGET = 9.2;
				MTL_ENABLE_DEBUG_INFO = YES;
				ONLY_ACTIVE_ARCH = YES;
				SDKROOT = iphoneos;
				SWIFT_OPTIMIZATION_LEVEL = "-Onone";
			};
			name = Debug;
		};
		D51B800C1C31DF44007601D2 /* Release */ = {
			isa = XCBuildConfiguration;
			buildSettings = {
				ALWAYS_SEARCH_USER_PATHS = NO;
				CLANG_CXX_LANGUAGE_STANDARD = "gnu++0x";
				CLANG_CXX_LIBRARY = "libc++";
				CLANG_ENABLE_MODULES = YES;
				CLANG_ENABLE_OBJC_ARC = YES;
				CLANG_WARN_BOOL_CONVERSION = YES;
				CLANG_WARN_CONSTANT_CONVERSION = YES;
				CLANG_WARN_DIRECT_OBJC_ISA_USAGE = YES_ERROR;
				CLANG_WARN_EMPTY_BODY = YES;
				CLANG_WARN_ENUM_CONVERSION = YES;
				CLANG_WARN_INT_CONVERSION = YES;
				CLANG_WARN_OBJC_ROOT_CLASS = YES_ERROR;
				CLANG_WARN_UNREACHABLE_CODE = YES;
				CLANG_WARN__DUPLICATE_METHOD_MATCH = YES;
				"CODE_SIGN_IDENTITY[sdk=iphoneos*]" = "iPhone Developer";
				COPY_PHASE_STRIP = NO;
				DEBUG_INFORMATION_FORMAT = "dwarf-with-dsym";
				ENABLE_NS_ASSERTIONS = NO;
				ENABLE_STRICT_OBJC_MSGSEND = YES;
				GCC_C_LANGUAGE_STANDARD = gnu99;
				GCC_NO_COMMON_BLOCKS = YES;
				GCC_WARN_64_TO_32_BIT_CONVERSION = YES;
				GCC_WARN_ABOUT_RETURN_TYPE = YES_ERROR;
				GCC_WARN_UNDECLARED_SELECTOR = YES;
				GCC_WARN_UNINITIALIZED_AUTOS = YES_AGGRESSIVE;
				GCC_WARN_UNUSED_FUNCTION = YES;
				GCC_WARN_UNUSED_VARIABLE = YES;
				IPHONEOS_DEPLOYMENT_TARGET = 9.2;
				MTL_ENABLE_DEBUG_INFO = NO;
				SDKROOT = iphoneos;
				VALIDATE_PRODUCT = YES;
			};
			name = Release;
		};
		D51B800E1C31DF44007601D2 /* Debug */ = {
			isa = XCBuildConfiguration;
			buildSettings = {
				ASSETCATALOG_COMPILER_APPICON_NAME = AppIcon;
				INFOPLIST_FILE = ssnField/Info.plist;
				LD_RUNPATH_SEARCH_PATHS = "$(inherited) @executable_path/Frameworks";
				PRODUCT_BUNDLE_IDENTIFIER = srg.ssnField;
				PRODUCT_NAME = "$(TARGET_NAME)";
			};
			name = Debug;
		};
		D51B800F1C31DF44007601D2 /* Release */ = {
			isa = XCBuildConfiguration;
			buildSettings = {
				ASSETCATALOG_COMPILER_APPICON_NAME = AppIcon;
				INFOPLIST_FILE = ssnField/Info.plist;
				LD_RUNPATH_SEARCH_PATHS = "$(inherited) @executable_path/Frameworks";
				PRODUCT_BUNDLE_IDENTIFIER = srg.ssnField;
				PRODUCT_NAME = "$(TARGET_NAME)";
			};
			name = Release;
		};
/* End XCBuildConfiguration section */

/* Begin XCConfigurationList section */
		D51B7FF61C31DF44007601D2 /* Build configuration list for PBXProject "ssnField" */ = {
			isa = XCConfigurationList;
			buildConfigurations = (
				D51B800B1C31DF44007601D2 /* Debug */,
				D51B800C1C31DF44007601D2 /* Release */,
			);
			defaultConfigurationIsVisible = 0;
			defaultConfigurationName = Release;
		};
		D51B800D1C31DF44007601D2 /* Build configuration list for PBXNativeTarget "ssnField" */ = {
			isa = XCConfigurationList;
			buildConfigurations = (
				D51B800E1C31DF44007601D2 /* Debug */,
				D51B800F1C31DF44007601D2 /* Release */,
			);
			defaultConfigurationIsVisible = 0;
			defaultConfigurationName = Release;
		};
/* End XCConfigurationList section */
	};
	rootObject = D51B7FF31C31DF44007601D2 /* Project object */;
}
